
Microsoft Visual Studio Solution File, Format Version 12.00
# Visual Studio Version 17
VisualStudioVersion = 17.14.36414.22 d17.14
MinimumVisualStudioVersion = 10.0.40219.1
Project("{FAE04EC0-301F-11D3-BF4B-00C04F79EFBC}") = "E-Learning Quiz", "E-Learning Quiz\E-Learning Quiz.csproj", "{56D1EA5D-B5BA-477E-8785-F1F19CC2134D}"
EndProject
Global
	GlobalSection(SolutionConfigurationPlatforms) = preSolution
		Debug|Any CPU = Debug|Any CPU
		Release|Any CPU = Release|Any CPU
	EndGlobalSection
	GlobalSection(ProjectConfigurationPlatforms) = postSolution
		{56D1EA5D-B5BA-477E-8785-F1F19CC2134D}.Debug|Any CPU.ActiveCfg = Debug|Any CPU
		{56D1EA5D-B5BA-477E-8785-F1F19CC2134D}.Debug|Any CPU.Build.0 = Debug|Any CPU
		{56D1EA5D-B5BA-477E-8785-F1F19CC2134D}.Release|Any CPU.ActiveCfg = Release|Any CPU
		{56D1EA5D-B5BA-477E-8785-F1F19CC2134D}.Release|Any CPU.Build.0 = Release|Any CPU
	EndGlobalSection
	GlobalSection(SolutionProperties) = preSolution
		HideSolutionNode = FALSE
	EndGlobalSection
	GlobalSection(ExtensibilityGlobals) = postSolution
		SolutionGuid = {8D5EA8A0-FBFC-4E97-B1C2-78DF7BEBA1DB}
	EndGlobalSection
EndGlobal
